// !$*UTF8*$!
{
	archiveVersion = 1;
	classes = {
	};
	objectVersion = 50;
	objects = {

/* Begin PBXBuildFile section */
		D74EE5A1C54119366D7FC291 /* GroundTransport.swift in Sources */ = {isa = PBXBuildFile; fileRef = D74EED5B8CC59CDFB1416FDC /* GroundTransport.swift */; };
		E77635972557F32500404214 /* main.swift in Sources */ = {isa = PBXBuildFile; fileRef = E77635962557F32500404214 /* main.swift */; };
		E776359F2559DED500404214 /* ITransport.swift in Sources */ = {isa = PBXBuildFile; fileRef = E776359E2559DED500404214 /* ITransport.swift */; };
		E77635A32559DF4200404214 /* AirTransport.swift in Sources */ = {isa = PBXBuildFile; fileRef = E77635A22559DF4200404214 /* AirTransport.swift */; };
		E77635A62559DF8300404214 /* MagicCarpet.swift in Sources */ = {isa = PBXBuildFile; fileRef = E77635A52559DF8300404214 /* MagicCarpet.swift */; };
		E77635AA2559E6F500404214 /* Track.swift in Sources */ = {isa = PBXBuildFile; fileRef = E77635A92559E6F500404214 /* Track.swift */; };
		E7A8E10C255A034F0000A8D5 /* Race.swift in Sources */ = {isa = PBXBuildFile; fileRef = E7A8E10B255A034F0000A8D5 /* Race.swift */; };
		E7A8E110255A05750000A8D5 /* AirRace.swift in Sources */ = {isa = PBXBuildFile; fileRef = E7A8E10F255A05750000A8D5 /* AirRace.swift */; };
		E7A8E114255A07050000A8D5 /* GroundRace.swift in Sources */ = {isa = PBXBuildFile; fileRef = E7A8E113255A07050000A8D5 /* GroundRace.swift */; };
		E7A8E11E255C728F0000A8D5 /* Mortar.swift in Sources */ = {isa = PBXBuildFile; fileRef = E7A8E11D255C728F0000A8D5 /* Mortar.swift */; };
		E7A8E126255C77000000A8D5 /* Broom.swift in Sources */ = {isa = PBXBuildFile; fileRef = E7A8E120255C73C40000A8D5 /* Broom.swift */; };
		E7A8E129255C84A20000A8D5 /* TwoHeadCamel.swift in Sources */ = {isa = PBXBuildFile; fileRef = E7A8E128255C84A20000A8D5 /* TwoHeadCamel.swift */; };
		E7A8E12C255C84B70000A8D5 /* FastCamel.swift in Sources */ = {isa = PBXBuildFile; fileRef = E7A8E12B255C84B70000A8D5 /* FastCamel.swift */; };
		E7A8E12F255C84DE0000A8D5 /* Сentaur.swift in Sources */ = {isa = PBXBuildFile; fileRef = E7A8E12E255C84DE0000A8D5 /* Сentaur.swift */; };
		E7A8E132255C851C0000A8D5 /* Boots.swift in Sources */ = {isa = PBXBuildFile; fileRef = E7A8E131255C851C0000A8D5 /* Boots.swift */; };
		E7A8E135255C92D60000A8D5 /* СommonRace.swift in Sources */ = {isa = PBXBuildFile; fileRef = E7A8E134255C92D60000A8D5 /* СommonRace.swift */; };
/* End PBXBuildFile section */

/* Begin PBXCopyFilesBuildPhase section */
		E77635912557F32500404214 /* CopyFiles */ = {
			isa = PBXCopyFilesBuildPhase;
			buildActionMask = 2147483647;
			dstPath = /usr/share/man/man1/;
			dstSubfolderSpec = 0;
			files = (
			);
			runOnlyForDeploymentPostprocessing = 1;
		};
/* End PBXCopyFilesBuildPhase section */

/* Begin PBXFileReference section */
		D74EED5B8CC59CDFB1416FDC /* GroundTransport.swift */ = {isa = PBXFileReference; fileEncoding = 4; lastKnownFileType = sourcecode.swift; path = GroundTransport.swift; sourceTree = "<group>"; };
		E77635932557F32500404214 /* Lab3 */ = {isa = PBXFileReference; explicitFileType = "compiled.mach-o.executable"; includeInIndex = 0; path = Lab3; sourceTree = BUILT_PRODUCTS_DIR; };
		E77635962557F32500404214 /* main.swift */ = {isa = PBXFileReference; lastKnownFileType = sourcecode.swift; path = main.swift; sourceTree = "<group>"; };
		E776359E2559DED500404214 /* ITransport.swift */ = {isa = PBXFileReference; lastKnownFileType = sourcecode.swift; path = ITransport.swift; sourceTree = "<group>"; };
		E77635A22559DF4200404214 /* AirTransport.swift */ = {isa = PBXFileReference; lastKnownFileType = sourcecode.swift; path = AirTransport.swift; sourceTree = "<group>"; };
		E77635A52559DF8300404214 /* MagicCarpet.swift */ = {isa = PBXFileReference; lastKnownFileType = sourcecode.swift; lineEnding = 0; path = MagicCarpet.swift; sourceTree = "<group>"; };
		E77635A92559E6F500404214 /* Track.swift */ = {isa = PBXFileReference; lastKnownFileType = sourcecode.swift; path = Track.swift; sourceTree = "<group>"; };
		E7A8E10B255A034F0000A8D5 /* Race.swift */ = {isa = PBXFileReference; lastKnownFileType = sourcecode.swift; path = Race.swift; sourceTree = "<group>"; };
		E7A8E10F255A05750000A8D5 /* AirRace.swift */ = {isa = PBXFileReference; lastKnownFileType = sourcecode.swift; path = AirRace.swift; sourceTree = "<group>"; };
		E7A8E113255A07050000A8D5 /* GroundRace.swift */ = {isa = PBXFileReference; lastKnownFileType = sourcecode.swift; path = GroundRace.swift; sourceTree = "<group>"; };
		E7A8E11D255C728F0000A8D5 /* Mortar.swift */ = {isa = PBXFileReference; lastKnownFileType = sourcecode.swift; path = Mortar.swift; sourceTree = "<group>"; };
		E7A8E120255C73C40000A8D5 /* Broom.swift */ = {isa = PBXFileReference; lastKnownFileType = sourcecode.swift; path = Broom.swift; sourceTree = "<group>"; };
		E7A8E128255C84A20000A8D5 /* TwoHeadCamel.swift */ = {isa = PBXFileReference; lastKnownFileType = sourcecode.swift; path = TwoHeadCamel.swift; sourceTree = "<group>"; };
		E7A8E12B255C84B70000A8D5 /* FastCamel.swift */ = {isa = PBXFileReference; lastKnownFileType = sourcecode.swift; path = FastCamel.swift; sourceTree = "<group>"; };
		E7A8E12E255C84DE0000A8D5 /* Сentaur.swift */ = {isa = PBXFileReference; lastKnownFileType = sourcecode.swift; path = "Сentaur.swift"; sourceTree = "<group>"; };
		E7A8E131255C851C0000A8D5 /* Boots.swift */ = {isa = PBXFileReference; lastKnownFileType = sourcecode.swift; path = Boots.swift; sourceTree = "<group>"; };
		E7A8E134255C92D60000A8D5 /* СommonRace.swift */ = {isa = PBXFileReference; lastKnownFileType = sourcecode.swift; path = "СommonRace.swift"; sourceTree = "<group>"; };
/* End PBXFileReference section */

/* Begin PBXFrameworksBuildPhase section */
		E77635902557F32500404214 /* Frameworks */ = {
			isa = PBXFrameworksBuildPhase;
			buildActionMask = 2147483647;
			files = (
			);
			runOnlyForDeploymentPostprocessing = 0;
		};
/* End PBXFrameworksBuildPhase section */

/* Begin PBXGroup section */
		E776358A2557F32500404214 = {
			isa = PBXGroup;
			children = (
				E77635952557F32500404214 /* Lab3 */,
				E77635942557F32500404214 /* Products */,
			);
			sourceTree = "<group>";
		};
		E77635942557F32500404214 /* Products */ = {
			isa = PBXGroup;
			children = (
				E77635932557F32500404214 /* Lab3 */,
			);
			name = Products;
			sourceTree = "<group>";
		};
		E77635952557F32500404214 /* Lab3 */ = {
			isa = PBXGroup;
			children = (
				E7A8E10E255A05610000A8D5 /* Race */,
				E77635A12559DF2300404214 /* Transport */,
				E77635962557F32500404214 /* main.swift */,
			);
			path = Lab3;
			sourceTree = "<group>";
		};
		E77635A12559DF2300404214 /* Transport */ = {
			isa = PBXGroup;
			children = (
				E7A8E118255C6FF20000A8D5 /* Ground */,
				E7A8E117255C6FE40000A8D5 /* Air */,
				E776359E2559DED500404214 /* ITransport.swift */,
			);
			name = Transport;
			sourceTree = "<group>";
		};
		E7A8E10E255A05610000A8D5 /* Race */ = {
			isa = PBXGroup;
			children = (
				E77635A92559E6F500404214 /* Track.swift */,
				E7A8E10B255A034F0000A8D5 /* Race.swift */,
				E7A8E10F255A05750000A8D5 /* AirRace.swift */,
				E7A8E113255A07050000A8D5 /* GroundRace.swift */,
				E7A8E134255C92D60000A8D5 /* СommonRace.swift */,
			);
			path = Race;
			sourceTree = "<group>";
		};
		E7A8E117255C6FE40000A8D5 /* Air */ = {
			isa = PBXGroup;
			children = (
				E77635A52559DF8300404214 /* MagicCarpet.swift */,
				E77635A22559DF4200404214 /* AirTransport.swift */,
				E7A8E11D255C728F0000A8D5 /* Mortar.swift */,
				E7A8E120255C73C40000A8D5 /* Broom.swift */,
			);
			path = Air;
			sourceTree = "<group>";
		};
		E7A8E118255C6FF20000A8D5 /* Ground */ = {
			isa = PBXGroup;
			children = (
				D74EED5B8CC59CDFB1416FDC /* GroundTransport.swift */,
				E7A8E128255C84A20000A8D5 /* TwoHeadCamel.swift */,
				E7A8E12B255C84B70000A8D5 /* FastCamel.swift */,
				E7A8E12E255C84DE0000A8D5 /* Сentaur.swift */,
				E7A8E131255C851C0000A8D5 /* Boots.swift */,
			);
			name = Ground;
			sourceTree = "<group>";
		};
/* End PBXGroup section */

/* Begin PBXNativeTarget section */
		E77635922557F32500404214 /* Lab3 */ = {
			isa = PBXNativeTarget;
			buildConfigurationList = E776359A2557F32500404214 /* Build configuration list for PBXNativeTarget "Lab3" */;
			buildPhases = (
				E776358F2557F32500404214 /* Sources */,
				E77635902557F32500404214 /* Frameworks */,
				E77635912557F32500404214 /* CopyFiles */,
			);
			buildRules = (
			);
			dependencies = (
			);
			name = Lab3;
			productName = Lab3;
			productReference = E77635932557F32500404214 /* Lab3 */;
			productType = "com.apple.product-type.tool";
		};
/* End PBXNativeTarget section */

/* Begin PBXProject section */
		E776358B2557F32500404214 /* Project object */ = {
			isa = PBXProject;
			attributes = {
				LastSwiftUpdateCheck = 1210;
				LastUpgradeCheck = 1210;
				TargetAttributes = {
					E77635922557F32500404214 = {
						CreatedOnToolsVersion = 12.1.1;
					};
				};
			};
			buildConfigurationList = E776358E2557F32500404214 /* Build configuration list for PBXProject "Lab3" */;
			compatibilityVersion = "Xcode 9.3";
			developmentRegion = en;
			hasScannedForEncodings = 0;
			knownRegions = (
				en,
				Base,
			);
			mainGroup = E776358A2557F32500404214;
			productRefGroup = E77635942557F32500404214 /* Products */;
			projectDirPath = "";
			projectRoot = "";
			targets = (
				E77635922557F32500404214 /* Lab3 */,
			);
		};
/* End PBXProject section */

/* Begin PBXSourcesBuildPhase section */
		E776358F2557F32500404214 /* Sources */ = {
			isa = PBXSourcesBuildPhase;
			buildActionMask = 2147483647;
			files = (
				E77635A62559DF8300404214 /* MagicCarpet.swift in Sources */,
				E7A8E12C255C84B70000A8D5 /* FastCamel.swift in Sources */,
				E7A8E10C255A034F0000A8D5 /* Race.swift in Sources */,
				E77635AA2559E6F500404214 /* Track.swift in Sources */,
				E7A8E12F255C84DE0000A8D5 /* Сentaur.swift in Sources */,
				E776359F2559DED500404214 /* ITransport.swift in Sources */,
				E77635972557F32500404214 /* main.swift in Sources */,
				E77635A32559DF4200404214 /* AirTransport.swift in Sources */,
				E7A8E132255C851C0000A8D5 /* Boots.swift in Sources */,
				E7A8E114255A07050000A8D5 /* GroundRace.swift in Sources */,
				E7A8E129255C84A20000A8D5 /* TwoHeadCamel.swift in Sources */,
				E7A8E11E255C728F0000A8D5 /* Mortar.swift in Sources */,
				D74EE5A1C54119366D7FC291 /* GroundTransport.swift in Sources */,
				E7A8E135255C92D60000A8D5 /* СommonRace.swift in Sources */,
				E7A8E110255A05750000A8D5 /* AirRace.swift in Sources */,
				E7A8E126255C77000000A8D5 /* Broom.swift in Sources */,
			);
			runOnlyForDeploymentPostprocessing = 0;
		};
/* End PBXSourcesBuildPhase section */

/* Begin XCBuildConfiguration section */
		E77635982557F32500404214 /* Debug */ = {
			isa = XCBuildConfiguration;
			buildSettings = {
				ALWAYS_SEARCH_USER_PATHS = NO;
				CLANG_ANALYZER_NONNULL = YES;
				CLANG_ANALYZER_NUMBER_OBJECT_CONVERSION = YES_AGGRESSIVE;
				CLANG_CXX_LANGUAGE_STANDARD = "gnu++14";
				CLANG_CXX_LIBRARY = "libc++";
				CLANG_ENABLE_MODULES = YES;
				CLANG_ENABLE_OBJC_ARC = YES;
				CLANG_ENABLE_OBJC_WEAK = YES;
				CLANG_WARN_BLOCK_CAPTURE_AUTORELEASING = YES;
				CLANG_WARN_BOOL_CONVERSION = YES;
				CLANG_WARN_COMMA = YES;
				CLANG_WARN_CONSTANT_CONVERSION = YES;
				CLANG_WARN_DEPRECATED_OBJC_IMPLEMENTATIONS = YES;
				CLANG_WARN_DIRECT_OBJC_ISA_USAGE = YES_ERROR;
				CLANG_WARN_DOCUMENTATION_COMMENTS = YES;
				CLANG_WARN_EMPTY_BODY = YES;
				CLANG_WARN_ENUM_CONVERSION = YES;
				CLANG_WARN_INFINITE_RECURSION = YES;
				CLANG_WARN_INT_CONVERSION = YES;
				CLANG_WARN_NON_LITERAL_NULL_CONVERSION = YES;
				CLANG_WARN_OBJC_IMPLICIT_RETAIN_SELF = YES;
				CLANG_WARN_OBJC_LITERAL_CONVERSION = YES;
				CLANG_WARN_OBJC_ROOT_CLASS = YES_ERROR;
				CLANG_WARN_QUOTED_INCLUDE_IN_FRAMEWORK_HEADER = YES;
				CLANG_WARN_RANGE_LOOP_ANALYSIS = YES;
				CLANG_WARN_STRICT_PROTOTYPES = YES;
				CLANG_WARN_SUSPICIOUS_MOVE = YES;
				CLANG_WARN_UNGUARDED_AVAILABILITY = YES_AGGRESSIVE;
				CLANG_WARN_UNREACHABLE_CODE = YES;
				CLANG_WARN__DUPLICATE_METHOD_MATCH = YES;
				COPY_PHASE_STRIP = NO;
				DEBUG_INFORMATION_FORMAT = dwarf;
				ENABLE_STRICT_OBJC_MSGSEND = YES;
				ENABLE_TESTABILITY = YES;
				GCC_C_LANGUAGE_STANDARD = gnu11;
				GCC_DYNAMIC_NO_PIC = NO;
				GCC_NO_COMMON_BLOCKS = YES;
				GCC_OPTIMIZATION_LEVEL = 0;
				GCC_PREPROCESSOR_DEFINITIONS = (
					"DEBUG=1",
					"$(inherited)",
				);
				GCC_WARN_64_TO_32_BIT_CONVERSION = YES;
				GCC_WARN_ABOUT_RETURN_TYPE = YES_ERROR;
				GCC_WARN_UNDECLARED_SELECTOR = YES;
				GCC_WARN_UNINITIALIZED_AUTOS = YES_AGGRESSIVE;
				GCC_WARN_UNUSED_FUNCTION = YES;
				GCC_WARN_UNUSED_VARIABLE = YES;
				MACOSX_DEPLOYMENT_TARGET = 10.15;
				MTL_ENABLE_DEBUG_INFO = INCLUDE_SOURCE;
				MTL_FAST_MATH = YES;
				ONLY_ACTIVE_ARCH = YES;
				SDKROOT = macosx;
				SWIFT_ACTIVE_COMPILATION_CONDITIONS = DEBUG;
				SWIFT_OPTIMIZATION_LEVEL = "-Onone";
			};
			name = Debug;
		};
		E77635992557F32500404214 /* Release */ = {
			isa = XCBuildConfiguration;
			buildSettings = {
				ALWAYS_SEARCH_USER_PATHS = NO;
				CLANG_ANALYZER_NONNULL = YES;
				CLANG_ANALYZER_NUMBER_OBJECT_CONVERSION = YES_AGGRESSIVE;
				CLANG_CXX_LANGUAGE_STANDARD = "gnu++14";
				CLANG_CXX_LIBRARY = "libc++";
				CLANG_ENABLE_MODULES = YES;
				CLANG_ENABLE_OBJC_ARC = YES;
				CLANG_ENABLE_OBJC_WEAK = YES;
				CLANG_WARN_BLOCK_CAPTURE_AUTORELEASING = YES;
				CLANG_WARN_BOOL_CONVERSION = YES;
				CLANG_WARN_COMMA = YES;
				CLANG_WARN_CONSTANT_CONVERSION = YES;
				CLANG_WARN_DEPRECATED_OBJC_IMPLEMENTATIONS = YES;
				CLANG_WARN_DIRECT_OBJC_ISA_USAGE = YES_ERROR;
				CLANG_WARN_DOCUMENTATION_COMMENTS = YES;
				CLANG_WARN_EMPTY_BODY = YES;
				CLANG_WARN_ENUM_CONVERSION = YES;
				CLANG_WARN_INFINITE_RECURSION = YES;
				CLANG_WARN_INT_CONVERSION = YES;
				CLANG_WARN_NON_LITERAL_NULL_CONVERSION = YES;
				CLANG_WARN_OBJC_IMPLICIT_RETAIN_SELF = YES;
				CLANG_WARN_OBJC_LITERAL_CONVERSION = YES;
				CLANG_WARN_OBJC_ROOT_CLASS = YES_ERROR;
				CLANG_WARN_QUOTED_INCLUDE_IN_FRAMEWORK_HEADER = YES;
				CLANG_WARN_RANGE_LOOP_ANALYSIS = YES;
				CLANG_WARN_STRICT_PROTOTYPES = YES;
				CLANG_WARN_SUSPICIOUS_MOVE = YES;
				CLANG_WARN_UNGUARDED_AVAILABILITY = YES_AGGRESSIVE;
				CLANG_WARN_UNREACHABLE_CODE = YES;
				CLANG_WARN__DUPLICATE_METHOD_MATCH = YES;
				COPY_PHASE_STRIP = NO;
				DEBUG_INFORMATION_FORMAT = "dwarf-with-dsym";
				ENABLE_NS_ASSERTIONS = NO;
				ENABLE_STRICT_OBJC_MSGSEND = YES;
				GCC_C_LANGUAGE_STANDARD = gnu11;
				GCC_NO_COMMON_BLOCKS = YES;
				GCC_WARN_64_TO_32_BIT_CONVERSION = YES;
				GCC_WARN_ABOUT_RETURN_TYPE = YES_ERROR;
				GCC_WARN_UNDECLARED_SELECTOR = YES;
				GCC_WARN_UNINITIALIZED_AUTOS = YES_AGGRESSIVE;
				GCC_WARN_UNUSED_FUNCTION = YES;
				GCC_WARN_UNUSED_VARIABLE = YES;
				MACOSX_DEPLOYMENT_TARGET = 10.15;
				MTL_ENABLE_DEBUG_INFO = NO;
				MTL_FAST_MATH = YES;
				SDKROOT = macosx;
				SWIFT_COMPILATION_MODE = wholemodule;
				SWIFT_OPTIMIZATION_LEVEL = "-O";
			};
			name = Release;
		};
		E776359B2557F32500404214 /* Debug */ = {
			isa = XCBuildConfiguration;
			buildSettings = {
				CODE_SIGN_IDENTITY = "-";
				CODE_SIGN_STYLE = Automatic;
				DEVELOPMENT_TEAM = 9J6689CCTF;
				ENABLE_HARDENED_RUNTIME = YES;
				PRODUCT_NAME = "$(TARGET_NAME)";
				SWIFT_VERSION = 5.0;
			};
			name = Debug;
		};
		E776359C2557F32500404214 /* Release */ = {
			isa = XCBuildConfiguration;
			buildSettings = {
				CODE_SIGN_IDENTITY = "-";
				CODE_SIGN_STYLE = Automatic;
				DEVELOPMENT_TEAM = 9J6689CCTF;
				ENABLE_HARDENED_RUNTIME = YES;
				PRODUCT_NAME = "$(TARGET_NAME)";
				SWIFT_VERSION = 5.0;
			};
			name = Release;
		};
/* End XCBuildConfiguration section */

/* Begin XCConfigurationList section */
		E776358E2557F32500404214 /* Build configuration list for PBXProject "Lab3" */ = {
			isa = XCConfigurationList;
			buildConfigurations = (
				E77635982557F32500404214 /* Debug */,
				E77635992557F32500404214 /* Release */,
			);
			defaultConfigurationIsVisible = 0;
			defaultConfigurationName = Release;
		};
		E776359A2557F32500404214 /* Build configuration list for PBXNativeTarget "Lab3" */ = {
			isa = XCConfigurationList;
			buildConfigurations = (
				E776359B2557F32500404214 /* Debug */,
				E776359C2557F32500404214 /* Release */,
			);
			defaultConfigurationIsVisible = 0;
			defaultConfigurationName = Release;
		};
/* End XCConfigurationList section */
	};
	rootObject = E776358B2557F32500404214 /* Project object */;
}
