// !$*UTF8*$!
{
	archiveVersion = 1;
	classes = {
	};
	objectVersion = 50;
	objects = {

/* Begin PBXBuildFile section */
		E70A614C257A537B005F8624 /* main.swift in Sources */ = {isa = PBXBuildFile; fileRef = E70A614B257A537B005F8624 /* main.swift */; };
		E72A57FB257A664E00E7A764 /* Client.swift in Sources */ = {isa = PBXBuildFile; fileRef = E72A57FA257A664E00E7A764 /* Client.swift */; };
		E72A57FE257A683100E7A764 /* AbstractBank.swift in Sources */ = {isa = PBXBuildFile; fileRef = E72A57FD257A683100E7A764 /* AbstractBank.swift */; };
		E72A5807257A6A4100E7A764 /* GlobalTransactionSystem.swift in Sources */ = {isa = PBXBuildFile; fileRef = E72A5806257A6A4100E7A764 /* GlobalTransactionSystem.swift */; };
		E7B2DF55257E7F8A00D2F0FF /* DepositAccount.swift in Sources */ = {isa = PBXBuildFile; fileRef = E7B2DF54257E7F8A00D2F0FF /* DepositAccount.swift */; };
		E7B2DF5B257E864F00D2F0FF /* Transaction.swift in Sources */ = {isa = PBXBuildFile; fileRef = E72A5803257A6A2500E7A764 /* Transaction.swift */; };
		E7B2DF5E257E8B5700D2F0FF /* TinkoffBank.swift in Sources */ = {isa = PBXBuildFile; fileRef = E7B2DF5D257E8B5700D2F0FF /* TinkoffBank.swift */; };
		E7B2DF62257E8ED900D2F0FF /* DebitAccount.swift in Sources */ = {isa = PBXBuildFile; fileRef = E7B2DF61257E8ED900D2F0FF /* DebitAccount.swift */; };
		E7B2DF65257E8EE800D2F0FF /* CreditAccount.swift in Sources */ = {isa = PBXBuildFile; fileRef = E7B2DF64257E8EE800D2F0FF /* CreditAccount.swift */; };
		E7B2DF6E257E8FB300D2F0FF /* Lab5Tests.swift in Sources */ = {isa = PBXBuildFile; fileRef = E7B2DF6D257E8FB300D2F0FF /* Lab5Tests.swift */; };
		E7B2DF75257E8FD900D2F0FF /* AbstractBank.swift in Sources */ = {isa = PBXBuildFile; fileRef = E72A57FD257A683100E7A764 /* AbstractBank.swift */; };
		E7B2DF76257E8FD900D2F0FF /* TinkoffBank.swift in Sources */ = {isa = PBXBuildFile; fileRef = E7B2DF5D257E8B5700D2F0FF /* TinkoffBank.swift */; };
		E7B2DF77257E8FD900D2F0FF /* DepositAccount.swift in Sources */ = {isa = PBXBuildFile; fileRef = E7B2DF54257E7F8A00D2F0FF /* DepositAccount.swift */; };
		E7B2DF78257E8FD900D2F0FF /* DebitAccount.swift in Sources */ = {isa = PBXBuildFile; fileRef = E7B2DF61257E8ED900D2F0FF /* DebitAccount.swift */; };
		E7B2DF79257E8FD900D2F0FF /* CreditAccount.swift in Sources */ = {isa = PBXBuildFile; fileRef = E7B2DF64257E8EE800D2F0FF /* CreditAccount.swift */; };
		E7B2DF7A257E8FD900D2F0FF /* Transaction.swift in Sources */ = {isa = PBXBuildFile; fileRef = E72A5803257A6A2500E7A764 /* Transaction.swift */; };
		E7B2DF7B257E8FD900D2F0FF /* GlobalTransactionSystem.swift in Sources */ = {isa = PBXBuildFile; fileRef = E72A5806257A6A4100E7A764 /* GlobalTransactionSystem.swift */; };
		E7B2DF7C257E8FD900D2F0FF /* main.swift in Sources */ = {isa = PBXBuildFile; fileRef = E70A614B257A537B005F8624 /* main.swift */; };
		E7B2DF7D257E8FD900D2F0FF /* Client.swift in Sources */ = {isa = PBXBuildFile; fileRef = E72A57FA257A664E00E7A764 /* Client.swift */; };
/* End PBXBuildFile section */

/* Begin PBXCopyFilesBuildPhase section */
		E70A6146257A537B005F8624 /* CopyFiles */ = {
			isa = PBXCopyFilesBuildPhase;
			buildActionMask = 2147483647;
			dstPath = /usr/share/man/man1/;
			dstSubfolderSpec = 0;
			files = (
			);
			runOnlyForDeploymentPostprocessing = 1;
		};
/* End PBXCopyFilesBuildPhase section */

/* Begin PBXFileReference section */
		E70A6148257A537B005F8624 /* Lab5 */ = {isa = PBXFileReference; explicitFileType = "compiled.mach-o.executable"; includeInIndex = 0; path = Lab5; sourceTree = BUILT_PRODUCTS_DIR; };
		E70A614B257A537B005F8624 /* main.swift */ = {isa = PBXFileReference; lastKnownFileType = sourcecode.swift; path = main.swift; sourceTree = "<group>"; };
		E72A57FA257A664E00E7A764 /* Client.swift */ = {isa = PBXFileReference; lastKnownFileType = sourcecode.swift; path = Client.swift; sourceTree = "<group>"; };
		E72A57FD257A683100E7A764 /* AbstractBank.swift */ = {isa = PBXFileReference; lastKnownFileType = sourcecode.swift; path = AbstractBank.swift; sourceTree = "<group>"; };
		E72A5803257A6A2500E7A764 /* Transaction.swift */ = {isa = PBXFileReference; lastKnownFileType = sourcecode.swift; path = Transaction.swift; sourceTree = "<group>"; };
		E72A5806257A6A4100E7A764 /* GlobalTransactionSystem.swift */ = {isa = PBXFileReference; lastKnownFileType = sourcecode.swift; path = GlobalTransactionSystem.swift; sourceTree = "<group>"; };
		E7B2DF54257E7F8A00D2F0FF /* DepositAccount.swift */ = {isa = PBXFileReference; lastKnownFileType = sourcecode.swift; path = DepositAccount.swift; sourceTree = "<group>"; };
		E7B2DF5D257E8B5700D2F0FF /* TinkoffBank.swift */ = {isa = PBXFileReference; lastKnownFileType = sourcecode.swift; path = TinkoffBank.swift; sourceTree = "<group>"; };
		E7B2DF61257E8ED900D2F0FF /* DebitAccount.swift */ = {isa = PBXFileReference; lastKnownFileType = sourcecode.swift; path = DebitAccount.swift; sourceTree = "<group>"; };
		E7B2DF64257E8EE800D2F0FF /* CreditAccount.swift */ = {isa = PBXFileReference; lastKnownFileType = sourcecode.swift; path = CreditAccount.swift; sourceTree = "<group>"; };
		E7B2DF6B257E8FB300D2F0FF /* Lab5Tests.xctest */ = {isa = PBXFileReference; explicitFileType = wrapper.cfbundle; includeInIndex = 0; path = Lab5Tests.xctest; sourceTree = BUILT_PRODUCTS_DIR; };
		E7B2DF6D257E8FB300D2F0FF /* Lab5Tests.swift */ = {isa = PBXFileReference; lastKnownFileType = sourcecode.swift; path = Lab5Tests.swift; sourceTree = "<group>"; };
		E7B2DF6F257E8FB300D2F0FF /* Info.plist */ = {isa = PBXFileReference; lastKnownFileType = text.plist.xml; path = Info.plist; sourceTree = "<group>"; };
/* End PBXFileReference section */

/* Begin PBXFrameworksBuildPhase section */
		E70A6145257A537B005F8624 /* Frameworks */ = {
			isa = PBXFrameworksBuildPhase;
			buildActionMask = 2147483647;
			files = (
			);
			runOnlyForDeploymentPostprocessing = 0;
		};
		E7B2DF68257E8FB300D2F0FF /* Frameworks */ = {
			isa = PBXFrameworksBuildPhase;
			buildActionMask = 2147483647;
			files = (
			);
			runOnlyForDeploymentPostprocessing = 0;
		};
/* End PBXFrameworksBuildPhase section */

/* Begin PBXGroup section */
		E70A613F257A537B005F8624 = {
			isa = PBXGroup;
			children = (
				E70A614A257A537B005F8624 /* Lab5 */,
				E7B2DF6C257E8FB300D2F0FF /* Lab5Tests */,
				E70A6149257A537B005F8624 /* Products */,
			);
			sourceTree = "<group>";
		};
		E70A6149257A537B005F8624 /* Products */ = {
			isa = PBXGroup;
			children = (
				E70A6148257A537B005F8624 /* Lab5 */,
				E7B2DF6B257E8FB300D2F0FF /* Lab5Tests.xctest */,
			);
			name = Products;
			sourceTree = "<group>";
		};
		E70A614A257A537B005F8624 /* Lab5 */ = {
			isa = PBXGroup;
			children = (
				E7B2DF57257E84C300D2F0FF /* Banks */,
				E7B2DF53257E7F3D00D2F0FF /* Accounts */,
				E7B2DF52257E7F3400D2F0FF /* Transactions */,
				E70A614B257A537B005F8624 /* main.swift */,
				E72A57FA257A664E00E7A764 /* Client.swift */,
			);
			path = Lab5;
			sourceTree = "<group>";
		};
		E7B2DF52257E7F3400D2F0FF /* Transactions */ = {
			isa = PBXGroup;
			children = (
				E72A5803257A6A2500E7A764 /* Transaction.swift */,
				E72A5806257A6A4100E7A764 /* GlobalTransactionSystem.swift */,
			);
			path = Transactions;
			sourceTree = "<group>";
		};
		E7B2DF53257E7F3D00D2F0FF /* Accounts */ = {
			isa = PBXGroup;
			children = (
				E7B2DF54257E7F8A00D2F0FF /* DepositAccount.swift */,
				E7B2DF61257E8ED900D2F0FF /* DebitAccount.swift */,
				E7B2DF64257E8EE800D2F0FF /* CreditAccount.swift */,
			);
			path = Accounts;
			sourceTree = "<group>";
		};
		E7B2DF57257E84C300D2F0FF /* Banks */ = {
			isa = PBXGroup;
			children = (
				E72A57FD257A683100E7A764 /* AbstractBank.swift */,
				E7B2DF5D257E8B5700D2F0FF /* TinkoffBank.swift */,
			);
			path = Banks;
			sourceTree = "<group>";
		};
		E7B2DF6C257E8FB300D2F0FF /* Lab5Tests */ = {
			isa = PBXGroup;
			children = (
				E7B2DF6D257E8FB300D2F0FF /* Lab5Tests.swift */,
				E7B2DF6F257E8FB300D2F0FF /* Info.plist */,
			);
			path = Lab5Tests;
			sourceTree = "<group>";
		};
/* End PBXGroup section */

/* Begin PBXNativeTarget section */
		E70A6147257A537B005F8624 /* Lab5 */ = {
			isa = PBXNativeTarget;
			buildConfigurationList = E70A614F257A537B005F8624 /* Build configuration list for PBXNativeTarget "Lab5" */;
			buildPhases = (
				E70A6144257A537B005F8624 /* Sources */,
				E70A6145257A537B005F8624 /* Frameworks */,
				E70A6146257A537B005F8624 /* CopyFiles */,
			);
			buildRules = (
			);
			dependencies = (
			);
			name = Lab5;
			productName = Lab5;
			productReference = E70A6148257A537B005F8624 /* Lab5 */;
			productType = "com.apple.product-type.tool";
		};
		E7B2DF6A257E8FB300D2F0FF /* Lab5Tests */ = {
			isa = PBXNativeTarget;
			buildConfigurationList = E7B2DF70257E8FB300D2F0FF /* Build configuration list for PBXNativeTarget "Lab5Tests" */;
			buildPhases = (
				E7B2DF67257E8FB300D2F0FF /* Sources */,
				E7B2DF68257E8FB300D2F0FF /* Frameworks */,
				E7B2DF69257E8FB300D2F0FF /* Resources */,
			);
			buildRules = (
			);
			dependencies = (
			);
			name = Lab5Tests;
			productName = Lab5Tests;
			productReference = E7B2DF6B257E8FB300D2F0FF /* Lab5Tests.xctest */;
			productType = "com.apple.product-type.bundle.unit-test";
		};
/* End PBXNativeTarget section */

/* Begin PBXProject section */
		E70A6140257A537B005F8624 /* Project object */ = {
			isa = PBXProject;
			attributes = {
				LastSwiftUpdateCheck = 1230;
				LastUpgradeCheck = 1230;
				TargetAttributes = {
					E70A6147257A537B005F8624 = {
						CreatedOnToolsVersion = 12.3;
					};
					E7B2DF6A257E8FB300D2F0FF = {
						CreatedOnToolsVersion = 12.3;
					};
				};
			};
			buildConfigurationList = E70A6143257A537B005F8624 /* Build configuration list for PBXProject "Lab5" */;
			compatibilityVersion = "Xcode 9.3";
			developmentRegion = en;
			hasScannedForEncodings = 0;
			knownRegions = (
				en,
				Base,
			);
			mainGroup = E70A613F257A537B005F8624;
			productRefGroup = E70A6149257A537B005F8624 /* Products */;
			projectDirPath = "";
			projectRoot = "";
			targets = (
				E70A6147257A537B005F8624 /* Lab5 */,
				E7B2DF6A257E8FB300D2F0FF /* Lab5Tests */,
			);
		};
/* End PBXProject section */

/* Begin PBXResourcesBuildPhase section */
		E7B2DF69257E8FB300D2F0FF /* Resources */ = {
			isa = PBXResourcesBuildPhase;
			buildActionMask = 2147483647;
			files = (
			);
			runOnlyForDeploymentPostprocessing = 0;
		};
/* End PBXResourcesBuildPhase section */

/* Begin PBXSourcesBuildPhase section */
		E70A6144257A537B005F8624 /* Sources */ = {
			isa = PBXSourcesBuildPhase;
			buildActionMask = 2147483647;
			files = (
				E7B2DF5B257E864F00D2F0FF /* Transaction.swift in Sources */,
				E72A57FE257A683100E7A764 /* AbstractBank.swift in Sources */,
				E7B2DF62257E8ED900D2F0FF /* DebitAccount.swift in Sources */,
				E7B2DF5E257E8B5700D2F0FF /* TinkoffBank.swift in Sources */,
				E72A5807257A6A4100E7A764 /* GlobalTransactionSystem.swift in Sources */,
				E7B2DF55257E7F8A00D2F0FF /* DepositAccount.swift in Sources */,
				E72A57FB257A664E00E7A764 /* Client.swift in Sources */,
				E7B2DF65257E8EE800D2F0FF /* CreditAccount.swift in Sources */,
				E70A614C257A537B005F8624 /* main.swift in Sources */,
			);
			runOnlyForDeploymentPostprocessing = 0;
		};
		E7B2DF67257E8FB300D2F0FF /* Sources */ = {
			isa = PBXSourcesBuildPhase;
			buildActionMask = 2147483647;
			files = (
				E7B2DF75257E8FD900D2F0FF /* AbstractBank.swift in Sources */,
				E7B2DF76257E8FD900D2F0FF /* TinkoffBank.swift in Sources */,
				E7B2DF77257E8FD900D2F0FF /* DepositAccount.swift in Sources */,
				E7B2DF78257E8FD900D2F0FF /* DebitAccount.swift in Sources */,
				E7B2DF79257E8FD900D2F0FF /* CreditAccount.swift in Sources */,
				E7B2DF7A257E8FD900D2F0FF /* Transaction.swift in Sources */,
				E7B2DF7B257E8FD900D2F0FF /* GlobalTransactionSystem.swift in Sources */,
				E7B2DF7C257E8FD900D2F0FF /* main.swift in Sources */,
				E7B2DF7D257E8FD900D2F0FF /* Client.swift in Sources */,
				E7B2DF6E257E8FB300D2F0FF /* Lab5Tests.swift in Sources */,
			);
			runOnlyForDeploymentPostprocessing = 0;
		};
/* End PBXSourcesBuildPhase section */

/* Begin XCBuildConfiguration section */
		E70A614D257A537B005F8624 /* Debug */ = {
			isa = XCBuildConfiguration;
			buildSettings = {
				ALWAYS_SEARCH_USER_PATHS = NO;
				CLANG_ANALYZER_NONNULL = YES;
				CLANG_ANALYZER_NUMBER_OBJECT_CONVERSION = YES_AGGRESSIVE;
				CLANG_CXX_LANGUAGE_STANDARD = "gnu++14";
				CLANG_CXX_LIBRARY = "libc++";
				CLANG_ENABLE_MODULES = YES;
				CLANG_ENABLE_OBJC_ARC = YES;
				CLANG_ENABLE_OBJC_WEAK = YES;
				CLANG_WARN_BLOCK_CAPTURE_AUTORELEASING = YES;
				CLANG_WARN_BOOL_CONVERSION = YES;
				CLANG_WARN_COMMA = YES;
				CLANG_WARN_CONSTANT_CONVERSION = YES;
				CLANG_WARN_DEPRECATED_OBJC_IMPLEMENTATIONS = YES;
				CLANG_WARN_DIRECT_OBJC_ISA_USAGE = YES_ERROR;
				CLANG_WARN_DOCUMENTATION_COMMENTS = YES;
				CLANG_WARN_EMPTY_BODY = YES;
				CLANG_WARN_ENUM_CONVERSION = YES;
				CLANG_WARN_INFINITE_RECURSION = YES;
				CLANG_WARN_INT_CONVERSION = YES;
				CLANG_WARN_NON_LITERAL_NULL_CONVERSION = YES;
				CLANG_WARN_OBJC_IMPLICIT_RETAIN_SELF = YES;
				CLANG_WARN_OBJC_LITERAL_CONVERSION = YES;
				CLANG_WARN_OBJC_ROOT_CLASS = YES_ERROR;
				CLANG_WARN_QUOTED_INCLUDE_IN_FRAMEWORK_HEADER = YES;
				CLANG_WARN_RANGE_LOOP_ANALYSIS = YES;
				CLANG_WARN_STRICT_PROTOTYPES = YES;
				CLANG_WARN_SUSPICIOUS_MOVE = YES;
				CLANG_WARN_UNGUARDED_AVAILABILITY = YES_AGGRESSIVE;
				CLANG_WARN_UNREACHABLE_CODE = YES;
				CLANG_WARN__DUPLICATE_METHOD_MATCH = YES;
				COPY_PHASE_STRIP = NO;
				DEBUG_INFORMATION_FORMAT = dwarf;
				ENABLE_STRICT_OBJC_MSGSEND = YES;
				ENABLE_TESTABILITY = YES;
				GCC_C_LANGUAGE_STANDARD = gnu11;
				GCC_DYNAMIC_NO_PIC = NO;
				GCC_NO_COMMON_BLOCKS = YES;
				GCC_OPTIMIZATION_LEVEL = 0;
				GCC_PREPROCESSOR_DEFINITIONS = (
					"DEBUG=1",
					"$(inherited)",
				);
				GCC_WARN_64_TO_32_BIT_CONVERSION = YES;
				GCC_WARN_ABOUT_RETURN_TYPE = YES_ERROR;
				GCC_WARN_UNDECLARED_SELECTOR = YES;
				GCC_WARN_UNINITIALIZED_AUTOS = YES_AGGRESSIVE;
				GCC_WARN_UNUSED_FUNCTION = YES;
				GCC_WARN_UNUSED_VARIABLE = YES;
				MACOSX_DEPLOYMENT_TARGET = 10.15;
				MTL_ENABLE_DEBUG_INFO = INCLUDE_SOURCE;
				MTL_FAST_MATH = YES;
				ONLY_ACTIVE_ARCH = YES;
				SDKROOT = macosx;
				SWIFT_ACTIVE_COMPILATION_CONDITIONS = DEBUG;
				SWIFT_OPTIMIZATION_LEVEL = "-Onone";
			};
			name = Debug;
		};
		E70A614E257A537B005F8624 /* Release */ = {
			isa = XCBuildConfiguration;
			buildSettings = {
				ALWAYS_SEARCH_USER_PATHS = NO;
				CLANG_ANALYZER_NONNULL = YES;
				CLANG_ANALYZER_NUMBER_OBJECT_CONVERSION = YES_AGGRESSIVE;
				CLANG_CXX_LANGUAGE_STANDARD = "gnu++14";
				CLANG_CXX_LIBRARY = "libc++";
				CLANG_ENABLE_MODULES = YES;
				CLANG_ENABLE_OBJC_ARC = YES;
				CLANG_ENABLE_OBJC_WEAK = YES;
				CLANG_WARN_BLOCK_CAPTURE_AUTORELEASING = YES;
				CLANG_WARN_BOOL_CONVERSION = YES;
				CLANG_WARN_COMMA = YES;
				CLANG_WARN_CONSTANT_CONVERSION = YES;
				CLANG_WARN_DEPRECATED_OBJC_IMPLEMENTATIONS = YES;
				CLANG_WARN_DIRECT_OBJC_ISA_USAGE = YES_ERROR;
				CLANG_WARN_DOCUMENTATION_COMMENTS = YES;
				CLANG_WARN_EMPTY_BODY = YES;
				CLANG_WARN_ENUM_CONVERSION = YES;
				CLANG_WARN_INFINITE_RECURSION = YES;
				CLANG_WARN_INT_CONVERSION = YES;
				CLANG_WARN_NON_LITERAL_NULL_CONVERSION = YES;
				CLANG_WARN_OBJC_IMPLICIT_RETAIN_SELF = YES;
				CLANG_WARN_OBJC_LITERAL_CONVERSION = YES;
				CLANG_WARN_OBJC_ROOT_CLASS = YES_ERROR;
				CLANG_WARN_QUOTED_INCLUDE_IN_FRAMEWORK_HEADER = YES;
				CLANG_WARN_RANGE_LOOP_ANALYSIS = YES;
				CLANG_WARN_STRICT_PROTOTYPES = YES;
				CLANG_WARN_SUSPICIOUS_MOVE = YES;
				CLANG_WARN_UNGUARDED_AVAILABILITY = YES_AGGRESSIVE;
				CLANG_WARN_UNREACHABLE_CODE = YES;
				CLANG_WARN__DUPLICATE_METHOD_MATCH = YES;
				COPY_PHASE_STRIP = NO;
				DEBUG_INFORMATION_FORMAT = "dwarf-with-dsym";
				ENABLE_NS_ASSERTIONS = NO;
				ENABLE_STRICT_OBJC_MSGSEND = YES;
				GCC_C_LANGUAGE_STANDARD = gnu11;
				GCC_NO_COMMON_BLOCKS = YES;
				GCC_WARN_64_TO_32_BIT_CONVERSION = YES;
				GCC_WARN_ABOUT_RETURN_TYPE = YES_ERROR;
				GCC_WARN_UNDECLARED_SELECTOR = YES;
				GCC_WARN_UNINITIALIZED_AUTOS = YES_AGGRESSIVE;
				GCC_WARN_UNUSED_FUNCTION = YES;
				GCC_WARN_UNUSED_VARIABLE = YES;
				MACOSX_DEPLOYMENT_TARGET = 10.15;
				MTL_ENABLE_DEBUG_INFO = NO;
				MTL_FAST_MATH = YES;
				SDKROOT = macosx;
				SWIFT_COMPILATION_MODE = wholemodule;
				SWIFT_OPTIMIZATION_LEVEL = "-O";
			};
			name = Release;
		};
		E70A6150257A537B005F8624 /* Debug */ = {
			isa = XCBuildConfiguration;
			buildSettings = {
				CODE_SIGN_STYLE = Automatic;
				DEVELOPMENT_TEAM = 9J6689CCTF;
				ENABLE_HARDENED_RUNTIME = YES;
				PRODUCT_NAME = "$(TARGET_NAME)";
				SWIFT_VERSION = 5.0;
			};
			name = Debug;
		};
		E70A6151257A537B005F8624 /* Release */ = {
			isa = XCBuildConfiguration;
			buildSettings = {
				CODE_SIGN_STYLE = Automatic;
				DEVELOPMENT_TEAM = 9J6689CCTF;
				ENABLE_HARDENED_RUNTIME = YES;
				PRODUCT_NAME = "$(TARGET_NAME)";
				SWIFT_VERSION = 5.0;
			};
			name = Release;
		};
		E7B2DF71257E8FB300D2F0FF /* Debug */ = {
			isa = XCBuildConfiguration;
			buildSettings = {
				CODE_SIGN_STYLE = Automatic;
				COMBINE_HIDPI_IMAGES = YES;
				DEVELOPMENT_TEAM = 9J6689CCTF;
				INFOPLIST_FILE = Lab5Tests/Info.plist;
				LD_RUNPATH_SEARCH_PATHS = (
					"$(inherited)",
					"@executable_path/../Frameworks",
					"@loader_path/../Frameworks",
				);
				PRODUCT_BUNDLE_IDENTIFIER = Zvaro.Lab5Tests;
				PRODUCT_NAME = "$(TARGET_NAME)";
				SWIFT_VERSION = 5.0;
			};
			name = Debug;
		};
		E7B2DF72257E8FB300D2F0FF /* Release */ = {
			isa = XCBuildConfiguration;
			buildSettings = {
				CODE_SIGN_STYLE = Automatic;
				COMBINE_HIDPI_IMAGES = YES;
				DEVELOPMENT_TEAM = 9J6689CCTF;
				INFOPLIST_FILE = Lab5Tests/Info.plist;
				LD_RUNPATH_SEARCH_PATHS = (
					"$(inherited)",
					"@executable_path/../Frameworks",
					"@loader_path/../Frameworks",
				);
				PRODUCT_BUNDLE_IDENTIFIER = Zvaro.Lab5Tests;
				PRODUCT_NAME = "$(TARGET_NAME)";
				SWIFT_VERSION = 5.0;
			};
			name = Release;
		};
/* End XCBuildConfiguration section */

/* Begin XCConfigurationList section */
		E70A6143257A537B005F8624 /* Build configuration list for PBXProject "Lab5" */ = {
			isa = XCConfigurationList;
			buildConfigurations = (
				E70A614D257A537B005F8624 /* Debug */,
				E70A614E257A537B005F8624 /* Release */,
			);
			defaultConfigurationIsVisible = 0;
			defaultConfigurationName = Release;
		};
		E70A614F257A537B005F8624 /* Build configuration list for PBXNativeTarget "Lab5" */ = {
			isa = XCConfigurationList;
			buildConfigurations = (
				E70A6150257A537B005F8624 /* Debug */,
				E70A6151257A537B005F8624 /* Release */,
			);
			defaultConfigurationIsVisible = 0;
			defaultConfigurationName = Release;
		};
		E7B2DF70257E8FB300D2F0FF /* Build configuration list for PBXNativeTarget "Lab5Tests" */ = {
			isa = XCConfigurationList;
			buildConfigurations = (
				E7B2DF71257E8FB300D2F0FF /* Debug */,
				E7B2DF72257E8FB300D2F0FF /* Release */,
			);
			defaultConfigurationIsVisible = 0;
			defaultConfigurationName = Release;
		};
/* End XCConfigurationList section */
	};
	rootObject = E70A6140257A537B005F8624 /* Project object */;
}
